// !$*UTF8*$!
{
	archiveVersion = 1;
	classes = {
	};
	objectVersion = 46;
	objects = {

/* Begin PBXBuildFile section */
		F7F7F33E1BFD6B0500391939 /* AppDelegate.swift in Sources */ = {isa = PBXBuildFile; fileRef = F7F7F33D1BFD6B0500391939 /* AppDelegate.swift */; };
		F7F7F3431BFD6B0500391939 /* Main.storyboard in Resources */ = {isa = PBXBuildFile; fileRef = F7F7F3411BFD6B0500391939 /* Main.storyboard */; };
		F7F7F3451BFD6B0500391939 /* Assets.xcassets in Resources */ = {isa = PBXBuildFile; fileRef = F7F7F3441BFD6B0500391939 /* Assets.xcassets */; };
		F7F7F3481BFD6B0500391939 /* LaunchScreen.storyboard in Resources */ = {isa = PBXBuildFile; fileRef = F7F7F3461BFD6B0500391939 /* LaunchScreen.storyboard */; };
		F7F7F3501BFD6C1B00391939 /* ShotViewController.swift in Sources */ = {isa = PBXBuildFile; fileRef = F7F7F34F1BFD6C1B00391939 /* ShotViewController.swift */; };
		F7F7F3521BFD6D7700391939 /* LFCamera.swift in Sources */ = {isa = PBXBuildFile; fileRef = F7F7F3511BFD6D7700391939 /* LFCamera.swift */; };
		F7F7F3541BFDB52800391939 /* LFEAGLContext.swift in Sources */ = {isa = PBXBuildFile; fileRef = F7F7F3531BFDB52800391939 /* LFEAGLContext.swift */; };
/* End PBXBuildFile section */

/* Begin PBXFileReference section */
		F7F7F33A1BFD6B0500391939 /* LiveFoto.app */ = {isa = PBXFileReference; explicitFileType = wrapper.application; includeInIndex = 0; path = LiveFoto.app; sourceTree = BUILT_PRODUCTS_DIR; };
		F7F7F33D1BFD6B0500391939 /* AppDelegate.swift */ = {isa = PBXFileReference; lastKnownFileType = sourcecode.swift; path = AppDelegate.swift; sourceTree = "<group>"; };
		F7F7F3421BFD6B0500391939 /* Base */ = {isa = PBXFileReference; lastKnownFileType = file.storyboard; name = Base; path = Base.lproj/Main.storyboard; sourceTree = "<group>"; };
		F7F7F3441BFD6B0500391939 /* Assets.xcassets */ = {isa = PBXFileReference; lastKnownFileType = folder.assetcatalog; path = Assets.xcassets; sourceTree = "<group>"; };
		F7F7F3471BFD6B0500391939 /* Base */ = {isa = PBXFileReference; lastKnownFileType = file.storyboard; name = Base; path = Base.lproj/LaunchScreen.storyboard; sourceTree = "<group>"; };
		F7F7F3491BFD6B0500391939 /* Info.plist */ = {isa = PBXFileReference; lastKnownFileType = text.plist.xml; path = Info.plist; sourceTree = "<group>"; };
		F7F7F34F1BFD6C1B00391939 /* ShotViewController.swift */ = {isa = PBXFileReference; fileEncoding = 4; lastKnownFileType = sourcecode.swift; path = ShotViewController.swift; sourceTree = "<group>"; };
		F7F7F3511BFD6D7700391939 /* LFCamera.swift */ = {isa = PBXFileReference; fileEncoding = 4; lastKnownFileType = sourcecode.swift; path = LFCamera.swift; sourceTree = "<group>"; };
		F7F7F3531BFDB52800391939 /* LFEAGLContext.swift */ = {isa = PBXFileReference; fileEncoding = 4; lastKnownFileType = sourcecode.swift; path = LFEAGLContext.swift; sourceTree = "<group>"; };
/* End PBXFileReference section */

/* Begin PBXFrameworksBuildPhase section */
		F7F7F3371BFD6B0500391939 /* Frameworks */ = {
			isa = PBXFrameworksBuildPhase;
			buildActionMask = 2147483647;
			files = (
			);
			runOnlyForDeploymentPostprocessing = 0;
		};
/* End PBXFrameworksBuildPhase section */

/* Begin PBXGroup section */
		F7F7F3311BFD6B0500391939 = {
			isa = PBXGroup;
			children = (
				F7F7F33C1BFD6B0500391939 /* LiveFoto */,
				F7F7F33B1BFD6B0500391939 /* Products */,
			);
			sourceTree = "<group>";
		};
		F7F7F33B1BFD6B0500391939 /* Products */ = {
			isa = PBXGroup;
			children = (
				F7F7F33A1BFD6B0500391939 /* LiveFoto.app */,
			);
			name = Products;
			sourceTree = "<group>";
		};
		F7F7F33C1BFD6B0500391939 /* LiveFoto */ = {
			isa = PBXGroup;
			children = (
				F7F7F3531BFDB52800391939 /* LFEAGLContext.swift */,
				F7F7F3511BFD6D7700391939 /* LFCamera.swift */,
				F7F7F33D1BFD6B0500391939 /* AppDelegate.swift */,
				F7F7F34F1BFD6C1B00391939 /* ShotViewController.swift */,
				F7F7F3411BFD6B0500391939 /* Main.storyboard */,
				F7F7F3441BFD6B0500391939 /* Assets.xcassets */,
				F7F7F3461BFD6B0500391939 /* LaunchScreen.storyboard */,
				F7F7F3491BFD6B0500391939 /* Info.plist */,
			);
			path = LiveFoto;
			sourceTree = "<group>";
		};
/* End PBXGroup section */

/* Begin PBXNativeTarget section */
		F7F7F3391BFD6B0500391939 /* LiveFoto */ = {
			isa = PBXNativeTarget;
			buildConfigurationList = F7F7F34C1BFD6B0500391939 /* Build configuration list for PBXNativeTarget "LiveFoto" */;
			buildPhases = (
				F7F7F3361BFD6B0500391939 /* Sources */,
				F7F7F3371BFD6B0500391939 /* Frameworks */,
				F7F7F3381BFD6B0500391939 /* Resources */,
			);
			buildRules = (
			);
			dependencies = (
			);
			name = LiveFoto;
			productName = LiveFoto;
			productReference = F7F7F33A1BFD6B0500391939 /* LiveFoto.app */;
			productType = "com.apple.product-type.application";
		};
/* End PBXNativeTarget section */

/* Begin PBXProject section */
		F7F7F3321BFD6B0500391939 /* Project object */ = {
			isa = PBXProject;
			attributes = {
				LastSwiftUpdateCheck = 0710;
				LastUpgradeCheck = 0710;
				ORGANIZATIONNAME = "Tinycomic Inc.";
				TargetAttributes = {
					F7F7F3391BFD6B0500391939 = {
						CreatedOnToolsVersion = 7.1.1;
					};
				};
			};
			buildConfigurationList = F7F7F3351BFD6B0500391939 /* Build configuration list for PBXProject "LiveFoto" */;
			compatibilityVersion = "Xcode 3.2";
			developmentRegion = English;
			hasScannedForEncodings = 0;
			knownRegions = (
				en,
				Base,
			);
			mainGroup = F7F7F3311BFD6B0500391939;
			productRefGroup = F7F7F33B1BFD6B0500391939 /* Products */;
			projectDirPath = "";
			projectRoot = "";
			targets = (
				F7F7F3391BFD6B0500391939 /* LiveFoto */,
			);
		};
/* End PBXProject section */

/* Begin PBXResourcesBuildPhase section */
		F7F7F3381BFD6B0500391939 /* Resources */ = {
			isa = PBXResourcesBuildPhase;
			buildActionMask = 2147483647;
			files = (
				F7F7F3481BFD6B0500391939 /* LaunchScreen.storyboard in Resources */,
				F7F7F3451BFD6B0500391939 /* Assets.xcassets in Resources */,
				F7F7F3431BFD6B0500391939 /* Main.storyboard in Resources */,
			);
			runOnlyForDeploymentPostprocessing = 0;
		};
/* End PBXResourcesBuildPhase section */

/* Begin PBXSourcesBuildPhase section */
		F7F7F3361BFD6B0500391939 /* Sources */ = {
			isa = PBXSourcesBuildPhase;
			buildActionMask = 2147483647;
			files = (
				F7F7F3501BFD6C1B00391939 /* ShotViewController.swift in Sources */,
				F7F7F3521BFD6D7700391939 /* LFCamera.swift in Sources */,
				F7F7F3541BFDB52800391939 /* LFEAGLContext.swift in Sources */,
				F7F7F33E1BFD6B0500391939 /* AppDelegate.swift in Sources */,
			);
			runOnlyForDeploymentPostprocessing = 0;
		};
/* End PBXSourcesBuildPhase section */

/* Begin PBXVariantGroup section */
		F7F7F3411BFD6B0500391939 /* Main.storyboard */ = {
			isa = PBXVariantGroup;
			children = (
				F7F7F3421BFD6B0500391939 /* Base */,
			);
			name = Main.storyboard;
			sourceTree = "<group>";
		};
		F7F7F3461BFD6B0500391939 /* LaunchScreen.storyboard */ = {
			isa = PBXVariantGroup;
			children = (
				F7F7F3471BFD6B0500391939 /* Base */,
			);
			name = LaunchScreen.storyboard;
			sourceTree = "<group>";
		};
/* End PBXVariantGroup section */

/* Begin XCBuildConfiguration section */
		F7F7F34A1BFD6B0500391939 /* Debug */ = {
			isa = XCBuildConfiguration;
			buildSettings = {
				ALWAYS_SEARCH_USER_PATHS = NO;
				CLANG_CXX_LANGUAGE_STANDARD = "gnu++0x";
				CLANG_CXX_LIBRARY = "libc++";
				CLANG_ENABLE_MODULES = YES;
				CLANG_ENABLE_OBJC_ARC = YES;
				CLANG_WARN_BOOL_CONVERSION = YES;
				CLANG_WARN_CONSTANT_CONVERSION = YES;
				CLANG_WARN_DIRECT_OBJC_ISA_USAGE = YES_ERROR;
				CLANG_WARN_EMPTY_BODY = YES;
				CLANG_WARN_ENUM_CONVERSION = YES;
				CLANG_WARN_INT_CONVERSION = YES;
				CLANG_WARN_OBJC_ROOT_CLASS = YES_ERROR;
				CLANG_WARN_UNREACHABLE_CODE = YES;
				CLANG_WARN__DUPLICATE_METHOD_MATCH = YES;
				"CODE_SIGN_IDENTITY[sdk=iphoneos*]" = "iPhone Developer";
				COPY_PHASE_STRIP = NO;
				DEBUG_INFORMATION_FORMAT = dwarf;
				ENABLE_STRICT_OBJC_MSGSEND = YES;
				ENABLE_TESTABILITY = YES;
				GCC_C_LANGUAGE_STANDARD = gnu99;
				GCC_DYNAMIC_NO_PIC = NO;
				GCC_NO_COMMON_BLOCKS = YES;
				GCC_OPTIMIZATION_LEVEL = 0;
				GCC_PREPROCESSOR_DEFINITIONS = (
					"DEBUG=1",
					"$(inherited)",
				);
				GCC_WARN_64_TO_32_BIT_CONVERSION = YES;
				GCC_WARN_ABOUT_RETURN_TYPE = YES_ERROR;
				GCC_WARN_UNDECLARED_SELECTOR = YES;
				GCC_WARN_UNINITIALIZED_AUTOS = YES_AGGRESSIVE;
				GCC_WARN_UNUSED_FUNCTION = YES;
				GCC_WARN_UNUSED_VARIABLE = YES;
				IPHONEOS_DEPLOYMENT_TARGET = 9.1;
				MTL_ENABLE_DEBUG_INFO = YES;
				ONLY_ACTIVE_ARCH = YES;
				SDKROOT = iphoneos;
				SWIFT_OPTIMIZATION_LEVEL = "-Onone";
				TARGETED_DEVICE_FAMILY = "1,2";
			};
			name = Debug;
		};
		F7F7F34B1BFD6B0500391939 /* Release */ = {
			isa = XCBuildConfiguration;
			buildSettings = {
				ALWAYS_SEARCH_USER_PATHS = NO;
				CLANG_CXX_LANGUAGE_STANDARD = "gnu++0x";
				CLANG_CXX_LIBRARY = "libc++";
				CLANG_ENABLE_MODULES = YES;
				CLANG_ENABLE_OBJC_ARC = YES;
				CLANG_WARN_BOOL_CONVERSION = YES;
				CLANG_WARN_CONSTANT_CONVERSION = YES;
				CLANG_WARN_DIRECT_OBJC_ISA_USAGE = YES_ERROR;
				CLANG_WARN_EMPTY_BODY = YES;
				CLANG_WARN_ENUM_CONVERSION = YES;
				CLANG_WARN_INT_CONVERSION = YES;
				CLANG_WARN_OBJC_ROOT_CLASS = YES_ERROR;
				CLANG_WARN_UNREACHABLE_CODE = YES;
				CLANG_WARN__DUPLICATE_METHOD_MATCH = YES;
				"CODE_SIGN_IDENTITY[sdk=iphoneos*]" = "iPhone Developer";
				COPY_PHASE_STRIP = NO;
				DEBUG_INFORMATION_FORMAT = "dwarf-with-dsym";
				ENABLE_NS_ASSERTIONS = NO;
				ENABLE_STRICT_OBJC_MSGSEND = YES;
				GCC_C_LANGUAGE_STANDARD = gnu99;
				GCC_NO_COMMON_BLOCKS = YES;
				GCC_WARN_64_TO_32_BIT_CONVERSION = YES;
				GCC_WARN_ABOUT_RETURN_TYPE = YES_ERROR;
				GCC_WARN_UNDECLARED_SELECTOR = YES;
				GCC_WARN_UNINITIALIZED_AUTOS = YES_AGGRESSIVE;
				GCC_WARN_UNUSED_FUNCTION = YES;
				GCC_WARN_UNUSED_VARIABLE = YES;
				IPHONEOS_DEPLOYMENT_TARGET = 9.1;
				MTL_ENABLE_DEBUG_INFO = NO;
				SDKROOT = iphoneos;
				TARGETED_DEVICE_FAMILY = "1,2";
				VALIDATE_PRODUCT = YES;
			};
			name = Release;
		};
		F7F7F34D1BFD6B0500391939 /* Debug */ = {
			isa = XCBuildConfiguration;
			buildSettings = {
				ASSETCATALOG_COMPILER_APPICON_NAME = AppIcon;
				INFOPLIST_FILE = LiveFoto/Info.plist;
				IPHONEOS_DEPLOYMENT_TARGET = 9.0;
				LD_RUNPATH_SEARCH_PATHS = "$(inherited) @executable_path/Frameworks";
				PRODUCT_BUNDLE_IDENTIFIER = tinycomic.LiveFoto;
				PRODUCT_NAME = "$(TARGET_NAME)";
			};
			name = Debug;
		};
		F7F7F34E1BFD6B0500391939 /* Release */ = {
			isa = XCBuildConfiguration;
			buildSettings = {
				ASSETCATALOG_COMPILER_APPICON_NAME = AppIcon;
				INFOPLIST_FILE = LiveFoto/Info.plist;
				IPHONEOS_DEPLOYMENT_TARGET = 9.0;
				LD_RUNPATH_SEARCH_PATHS = "$(inherited) @executable_path/Frameworks";
				PRODUCT_BUNDLE_IDENTIFIER = tinycomic.LiveFoto;
				PRODUCT_NAME = "$(TARGET_NAME)";
			};
			name = Release;
		};
/* End XCBuildConfiguration section */

/* Begin XCConfigurationList section */
		F7F7F3351BFD6B0500391939 /* Build configuration list for PBXProject "LiveFoto" */ = {
			isa = XCConfigurationList;
			buildConfigurations = (
				F7F7F34A1BFD6B0500391939 /* Debug */,
				F7F7F34B1BFD6B0500391939 /* Release */,
			);
			defaultConfigurationIsVisible = 0;
			defaultConfigurationName = Release;
		};
		F7F7F34C1BFD6B0500391939 /* Build configuration list for PBXNativeTarget "LiveFoto" */ = {
			isa = XCConfigurationList;
			buildConfigurations = (
				F7F7F34D1BFD6B0500391939 /* Debug */,
				F7F7F34E1BFD6B0500391939 /* Release */,
			);
			defaultConfigurationIsVisible = 0;
		};
/* End XCConfigurationList section */
	};
	rootObject = F7F7F3321BFD6B0500391939 /* Project object */;
}
